
Microsoft Visual Studio Solution File, Format Version 12.00
# Visual Studio Version 17
VisualStudioVersion = 17.5.33516.290
MinimumVisualStudioVersion = 10.0.40219.1
Project("{9A19103F-16F7-4668-BE54-9A1E7A4F7556}") = "CleanArchTemplate.Shared", "src\Shared\CleanArchTemplate.Shared.csproj", "{6895AF39-FDFC-4D1F-A0C3-71616F6FD29E}"
EndProject
Project("{9A19103F-16F7-4668-BE54-9A1E7A4F7556}") = "CleanArchTemplate.Client", "src\Client\CleanArchTemplate.Client.csproj", "{58EC94CE-B36A-45BD-8C6E-BF1B85646216}"
EndProject
Project("{9A19103F-16F7-4668-BE54-9A1E7A4F7556}") = "CleanArchTemplate.Server", "src\Server\CleanArchTemplate.Server.csproj", "{9D7F8C1A-76A0-471D-9B8C-1F0A8B67B83E}"
EndProject
Project("{9A19103F-16F7-4668-BE54-9A1E7A4F7556}") = "CleanArchTemplate.Domain", "src\Core\CleanArchTemplate.Domain\CleanArchTemplate.Domain.csproj", "{02304C01-10B1-446C-B5FA-6D792C2E8189}"
EndProject
Project("{9A19103F-16F7-4668-BE54-9A1E7A4F7556}") = "CleanArchTemplate.Application", "src\Core\CleanArchTemplate.Application\CleanArchTemplate.Application.csproj", "{C3CD5C52-19CA-4AE7-8E0D-225D3EEDDAB0}"
EndProject
Project("{2150E333-8FDC-42A3-9474-1A3956D46DE8}") = "Core", "Core", "{80C0CEA9-F5D8-4099-9C5E-9728D0FE25B4}"
EndProject
Project("{2150E333-8FDC-42A3-9474-1A3956D46DE8}") = "Web", "Web", "{C596822A-F1A7-49C9-8F22-984F5BEC4BC4}"
EndProject
Project("{2150E333-8FDC-42A3-9474-1A3956D46DE8}") = "Infrastructure", "Infrastructure", "{1E87AB53-7D42-4ED6-9F13-173619DC7C4C}"
EndProject
Project("{9A19103F-16F7-4668-BE54-9A1E7A4F7556}") = "CleanArchTemplate.Infrastructure", "src\CleanArchTemplate.Infrastructure\CleanArchTemplate.Infrastructure.csproj", "{D3E93008-EE20-4E01-85CE-929006553457}"
EndProject
Project("{2150E333-8FDC-42A3-9474-1A3956D46DE8}") = "Tests", "Tests", "{76F60331-9CB3-4DBE-B948-AD37F989BD36}"
EndProject
Project("{9A19103F-16F7-4668-BE54-9A1E7A4F7556}") = "CleanArchTemplate.Abstraction", "src\CleanArchTemplate.Abstraction\CleanArchTemplate.Abstraction.csproj", "{E8D5F27E-7C4D-4715-9710-BDAB40F97057}"
EndProject
Project("{FAE04EC0-301F-11D3-BF4B-00C04F79EFBC}") = "CleanArchTemplate.UnitTets", "tests\CleanArchTemplate.UnitTets\CleanArchTemplate.UnitTets.csproj", "{019E9E91-6012-4E1E-BAB4-54DF8D8DF44E}"
EndProject
Project("{FAE04EC0-301F-11D3-BF4B-00C04F79EFBC}") = "CleanArchTemplate.IntegrationTests", "tests\CleanArchTemplate.IntegrationTests\CleanArchTemplate.IntegrationTests.csproj", "{1CDA6883-41E9-4425-A9B6-CC73E9D52D5C}"
EndProject
Global
	GlobalSection(SolutionConfigurationPlatforms) = preSolution
		Debug|Any CPU = Debug|Any CPU
		Release|Any CPU = Release|Any CPU
	EndGlobalSection
	GlobalSection(ProjectConfigurationPlatforms) = postSolution
		{6895AF39-FDFC-4D1F-A0C3-71616F6FD29E}.Debug|Any CPU.ActiveCfg = Debug|Any CPU
		{6895AF39-FDFC-4D1F-A0C3-71616F6FD29E}.Debug|Any CPU.Build.0 = Debug|Any CPU
		{6895AF39-FDFC-4D1F-A0C3-71616F6FD29E}.Release|Any CPU.ActiveCfg = Release|Any CPU
		{6895AF39-FDFC-4D1F-A0C3-71616F6FD29E}.Release|Any CPU.Build.0 = Release|Any CPU
		{58EC94CE-B36A-45BD-8C6E-BF1B85646216}.Debug|Any CPU.ActiveCfg = Debug|Any CPU
		{58EC94CE-B36A-45BD-8C6E-BF1B85646216}.Debug|Any CPU.Build.0 = Debug|Any CPU
		{58EC94CE-B36A-45BD-8C6E-BF1B85646216}.Release|Any CPU.ActiveCfg = Release|Any CPU
		{58EC94CE-B36A-45BD-8C6E-BF1B85646216}.Release|Any CPU.Build.0 = Release|Any CPU
		{9D7F8C1A-76A0-471D-9B8C-1F0A8B67B83E}.Debug|Any CPU.ActiveCfg = Debug|Any CPU
		{9D7F8C1A-76A0-471D-9B8C-1F0A8B67B83E}.Debug|Any CPU.Build.0 = Debug|Any CPU
		{9D7F8C1A-76A0-471D-9B8C-1F0A8B67B83E}.Release|Any CPU.ActiveCfg = Release|Any CPU
		{9D7F8C1A-76A0-471D-9B8C-1F0A8B67B83E}.Release|Any CPU.Build.0 = Release|Any CPU
		{02304C01-10B1-446C-B5FA-6D792C2E8189}.Debug|Any CPU.ActiveCfg = Debug|Any CPU
		{02304C01-10B1-446C-B5FA-6D792C2E8189}.Debug|Any CPU.Build.0 = Debug|Any CPU
		{02304C01-10B1-446C-B5FA-6D792C2E8189}.Release|Any CPU.ActiveCfg = Release|Any CPU
		{02304C01-10B1-446C-B5FA-6D792C2E8189}.Release|Any CPU.Build.0 = Release|Any CPU
		{C3CD5C52-19CA-4AE7-8E0D-225D3EEDDAB0}.Debug|Any CPU.ActiveCfg = Debug|Any CPU
		{C3CD5C52-19CA-4AE7-8E0D-225D3EEDDAB0}.Debug|Any CPU.Build.0 = Debug|Any CPU
		{C3CD5C52-19CA-4AE7-8E0D-225D3EEDDAB0}.Release|Any CPU.ActiveCfg = Release|Any CPU
		{C3CD5C52-19CA-4AE7-8E0D-225D3EEDDAB0}.Release|Any CPU.Build.0 = Release|Any CPU
		{D3E93008-EE20-4E01-85CE-929006553457}.Debug|Any CPU.ActiveCfg = Debug|Any CPU
		{D3E93008-EE20-4E01-85CE-929006553457}.Debug|Any CPU.Build.0 = Debug|Any CPU
		{D3E93008-EE20-4E01-85CE-929006553457}.Release|Any CPU.ActiveCfg = Release|Any CPU
		{D3E93008-EE20-4E01-85CE-929006553457}.Release|Any CPU.Build.0 = Release|Any CPU
		{E8D5F27E-7C4D-4715-9710-BDAB40F97057}.Debug|Any CPU.ActiveCfg = Debug|Any CPU
		{E8D5F27E-7C4D-4715-9710-BDAB40F97057}.Debug|Any CPU.Build.0 = Debug|Any CPU
		{E8D5F27E-7C4D-4715-9710-BDAB40F97057}.Release|Any CPU.ActiveCfg = Release|Any CPU
		{E8D5F27E-7C4D-4715-9710-BDAB40F97057}.Release|Any CPU.Build.0 = Release|Any CPU
		{019E9E91-6012-4E1E-BAB4-54DF8D8DF44E}.Debug|Any CPU.ActiveCfg = Debug|Any CPU
		{019E9E91-6012-4E1E-BAB4-54DF8D8DF44E}.Debug|Any CPU.Build.0 = Debug|Any CPU
		{019E9E91-6012-4E1E-BAB4-54DF8D8DF44E}.Release|Any CPU.ActiveCfg = Release|Any CPU
		{019E9E91-6012-4E1E-BAB4-54DF8D8DF44E}.Release|Any CPU.Build.0 = Release|Any CPU
		{1CDA6883-41E9-4425-A9B6-CC73E9D52D5C}.Debug|Any CPU.ActiveCfg = Debug|Any CPU
		{1CDA6883-41E9-4425-A9B6-CC73E9D52D5C}.Debug|Any CPU.Build.0 = Debug|Any CPU
		{1CDA6883-41E9-4425-A9B6-CC73E9D52D5C}.Release|Any CPU.ActiveCfg = Release|Any CPU
		{1CDA6883-41E9-4425-A9B6-CC73E9D52D5C}.Release|Any CPU.Build.0 = Release|Any CPU
	EndGlobalSection
	GlobalSection(SolutionProperties) = preSolution
		HideSolutionNode = FALSE
	EndGlobalSection
	GlobalSection(NestedProjects) = preSolution
		{58EC94CE-B36A-45BD-8C6E-BF1B85646216} = {C596822A-F1A7-49C9-8F22-984F5BEC4BC4}
		{9D7F8C1A-76A0-471D-9B8C-1F0A8B67B83E} = {C596822A-F1A7-49C9-8F22-984F5BEC4BC4}
		{02304C01-10B1-446C-B5FA-6D792C2E8189} = {80C0CEA9-F5D8-4099-9C5E-9728D0FE25B4}
		{C3CD5C52-19CA-4AE7-8E0D-225D3EEDDAB0} = {80C0CEA9-F5D8-4099-9C5E-9728D0FE25B4}
		{D3E93008-EE20-4E01-85CE-929006553457} = {1E87AB53-7D42-4ED6-9F13-173619DC7C4C}
		{E8D5F27E-7C4D-4715-9710-BDAB40F97057} = {1E87AB53-7D42-4ED6-9F13-173619DC7C4C}
		{019E9E91-6012-4E1E-BAB4-54DF8D8DF44E} = {76F60331-9CB3-4DBE-B948-AD37F989BD36}
		{1CDA6883-41E9-4425-A9B6-CC73E9D52D5C} = {76F60331-9CB3-4DBE-B948-AD37F989BD36}
	EndGlobalSection
	GlobalSection(ExtensibilityGlobals) = postSolution
		RESX_PrefixTranslations = False
		SolutionGuid = {3B5071C2-7F54-44EF-B54A-04E6F0509A81}
	EndGlobalSection
EndGlobal
